
Microsoft Visual Studio Solution File, Format Version 12.00
# Visual Studio Version 17
VisualStudioVersion = 17.4.33213.308
MinimumVisualStudioVersion = 10.0.40219.1
Project("{FAE04EC0-301F-11D3-BF4B-00C04F79EFBC}") = "xUnitBasic", "xUnitBasic\xUnitBasic.csproj", "{6BDC6308-434D-4DA2-935D-F28F689A87F2}"
EndProject
Global
	GlobalSection(SolutionConfigurationPlatforms) = preSolution
		Debug|Any CPU = Debug|Any CPU
		Release|Any CPU = Release|Any CPU
	EndGlobalSection
	GlobalSection(ProjectConfigurationPlatforms) = postSolution
		{6BDC6308-434D-4DA2-935D-F28F689A87F2}.Debug|Any CPU.ActiveCfg = Debug|Any CPU
		{6BDC6308-434D-4DA2-935D-F28F689A87F2}.Debug|Any CPU.Build.0 = Debug|Any CPU
		{6BDC6308-434D-4DA2-935D-F28F689A87F2}.Release|Any CPU.ActiveCfg = Release|Any CPU
		{6BDC6308-434D-4DA2-935D-F28F689A87F2}.Release|Any CPU.Build.0 = Release|Any CPU
	EndGlobalSection
	GlobalSection(SolutionProperties) = preSolution
		HideSolutionNode = FALSE
	EndGlobalSection
	GlobalSection(ExtensibilityGlobals) = postSolution
		SolutionGuid = {E1FF8BA3-5B43-4A13-B64A-ED997A04E2AB}
	EndGlobalSection
EndGlobal
